// !$*UTF8*$!
{
	archiveVersion = 1;
	classes = {
	};
	objectVersion = 51;
	objects = {

/* Begin PBXBuildFile section */
		75D5531981A17D5EC7D322DA /* Pods_firebaseintro.framework in Frameworks */ = {isa = PBXBuildFile; fileRef = DD498D186E0F0A1304637529 /* Pods_firebaseintro.framework */; };
		AB2459A32521F66D000FFC9F /* TodoDetailViewController.swift in Sources */ = {isa = PBXBuildFile; fileRef = AB2459A22521F66D000FFC9F /* TodoDetailViewController.swift */; };
		AB4A869A251B67D40067BAFE /* LoginRegisterViewController.swift in Sources */ = {isa = PBXBuildFile; fileRef = AB4A8699251B67D40067BAFE /* LoginRegisterViewController.swift */; };
		AB92E20F2512486C00D3E9C5 /* AppDelegate.swift in Sources */ = {isa = PBXBuildFile; fileRef = AB92E20E2512486C00D3E9C5 /* AppDelegate.swift */; };
		AB92E2112512486C00D3E9C5 /* SceneDelegate.swift in Sources */ = {isa = PBXBuildFile; fileRef = AB92E2102512486C00D3E9C5 /* SceneDelegate.swift */; };
		AB92E2132512486C00D3E9C5 /* ViewController.swift in Sources */ = {isa = PBXBuildFile; fileRef = AB92E2122512486C00D3E9C5 /* ViewController.swift */; };
		AB92E2162512486C00D3E9C5 /* Main.storyboard in Resources */ = {isa = PBXBuildFile; fileRef = AB92E2142512486C00D3E9C5 /* Main.storyboard */; };
		AB92E2182512486D00D3E9C5 /* Assets.xcassets in Resources */ = {isa = PBXBuildFile; fileRef = AB92E2172512486D00D3E9C5 /* Assets.xcassets */; };
		AB92E21B2512486D00D3E9C5 /* LaunchScreen.storyboard in Resources */ = {isa = PBXBuildFile; fileRef = AB92E2192512486D00D3E9C5 /* LaunchScreen.storyboard */; };
		AB92E22325124B4F00D3E9C5 /* GoogleService-Info.plist in Resources */ = {isa = PBXBuildFile; fileRef = AB92E22225124B4F00D3E9C5 /* GoogleService-Info.plist */; };
		AB92E22525128B0D00D3E9C5 /* TodoTableViewCell.swift in Sources */ = {isa = PBXBuildFile; fileRef = AB92E22425128B0D00D3E9C5 /* TodoTableViewCell.swift */; };
		ABAA4C18252F00F90065607F /* TodoItem.swift in Sources */ = {isa = PBXBuildFile; fileRef = ABAA4C17252F00F90065607F /* TodoItem.swift */; };
/* End PBXBuildFile section */

/* Begin PBXFileReference section */
		786CC1B7673B748E7D3666FA /* Pods-firebaseintro.release.xcconfig */ = {isa = PBXFileReference; includeInIndex = 1; lastKnownFileType = text.xcconfig; name = "Pods-firebaseintro.release.xcconfig"; path = "Target Support Files/Pods-firebaseintro/Pods-firebaseintro.release.xcconfig"; sourceTree = "<group>"; };
		AB2459A22521F66D000FFC9F /* TodoDetailViewController.swift */ = {isa = PBXFileReference; lastKnownFileType = sourcecode.swift; path = TodoDetailViewController.swift; sourceTree = "<group>"; };
		AB4A8699251B67D40067BAFE /* LoginRegisterViewController.swift */ = {isa = PBXFileReference; lastKnownFileType = sourcecode.swift; path = LoginRegisterViewController.swift; sourceTree = "<group>"; };
		AB92E20B2512486C00D3E9C5 /* firebaseintro.app */ = {isa = PBXFileReference; explicitFileType = wrapper.application; includeInIndex = 0; path = firebaseintro.app; sourceTree = BUILT_PRODUCTS_DIR; };
		AB92E20E2512486C00D3E9C5 /* AppDelegate.swift */ = {isa = PBXFileReference; lastKnownFileType = sourcecode.swift; path = AppDelegate.swift; sourceTree = "<group>"; };
		AB92E2102512486C00D3E9C5 /* SceneDelegate.swift */ = {isa = PBXFileReference; lastKnownFileType = sourcecode.swift; path = SceneDelegate.swift; sourceTree = "<group>"; };
		AB92E2122512486C00D3E9C5 /* ViewController.swift */ = {isa = PBXFileReference; lastKnownFileType = sourcecode.swift; path = ViewController.swift; sourceTree = "<group>"; };
		AB92E2152512486C00D3E9C5 /* Base */ = {isa = PBXFileReference; lastKnownFileType = file.storyboard; name = Base; path = Base.lproj/Main.storyboard; sourceTree = "<group>"; };
		AB92E2172512486D00D3E9C5 /* Assets.xcassets */ = {isa = PBXFileReference; lastKnownFileType = folder.assetcatalog; path = Assets.xcassets; sourceTree = "<group>"; };
		AB92E21A2512486D00D3E9C5 /* Base */ = {isa = PBXFileReference; lastKnownFileType = file.storyboard; name = Base; path = Base.lproj/LaunchScreen.storyboard; sourceTree = "<group>"; };
		AB92E21C2512486D00D3E9C5 /* Info.plist */ = {isa = PBXFileReference; lastKnownFileType = text.plist.xml; path = Info.plist; sourceTree = "<group>"; };
		AB92E22225124B4F00D3E9C5 /* GoogleService-Info.plist */ = {isa = PBXFileReference; fileEncoding = 4; lastKnownFileType = text.plist.xml; path = "GoogleService-Info.plist"; sourceTree = "<group>"; };
		AB92E22425128B0D00D3E9C5 /* TodoTableViewCell.swift */ = {isa = PBXFileReference; lastKnownFileType = sourcecode.swift; path = TodoTableViewCell.swift; sourceTree = "<group>"; };
		ABAA4C17252F00F90065607F /* TodoItem.swift */ = {isa = PBXFileReference; lastKnownFileType = sourcecode.swift; path = TodoItem.swift; sourceTree = "<group>"; };
		DD498D186E0F0A1304637529 /* Pods_firebaseintro.framework */ = {isa = PBXFileReference; explicitFileType = wrapper.framework; includeInIndex = 0; path = Pods_firebaseintro.framework; sourceTree = BUILT_PRODUCTS_DIR; };
		EFC4EE8222842653BA908B15 /* Pods-firebaseintro.debug.xcconfig */ = {isa = PBXFileReference; includeInIndex = 1; lastKnownFileType = text.xcconfig; name = "Pods-firebaseintro.debug.xcconfig"; path = "Target Support Files/Pods-firebaseintro/Pods-firebaseintro.debug.xcconfig"; sourceTree = "<group>"; };
/* End PBXFileReference section */

/* Begin PBXFrameworksBuildPhase section */
		AB92E2082512486C00D3E9C5 /* Frameworks */ = {
			isa = PBXFrameworksBuildPhase;
			buildActionMask = 2147483647;
			files = (
				75D5531981A17D5EC7D322DA /* Pods_firebaseintro.framework in Frameworks */,
			);
			runOnlyForDeploymentPostprocessing = 0;
		};
/* End PBXFrameworksBuildPhase section */

/* Begin PBXGroup section */
		8D359197C534A0EAA875555A /* Frameworks */ = {
			isa = PBXGroup;
			children = (
				DD498D186E0F0A1304637529 /* Pods_firebaseintro.framework */,
			);
			name = Frameworks;
			sourceTree = "<group>";
		};
		AB92E2022512486C00D3E9C5 = {
			isa = PBXGroup;
			children = (
				AB92E20D2512486C00D3E9C5 /* firebaseintro */,
				AB92E20C2512486C00D3E9C5 /* Products */,
				D9044E27A34073F98886E556 /* Pods */,
				8D359197C534A0EAA875555A /* Frameworks */,
			);
			sourceTree = "<group>";
		};
		AB92E20C2512486C00D3E9C5 /* Products */ = {
			isa = PBXGroup;
			children = (
				AB92E20B2512486C00D3E9C5 /* firebaseintro.app */,
			);
			name = Products;
			sourceTree = "<group>";
		};
		AB92E20D2512486C00D3E9C5 /* firebaseintro */ = {
			isa = PBXGroup;
			children = (
				AB92E22225124B4F00D3E9C5 /* GoogleService-Info.plist */,
				AB92E20E2512486C00D3E9C5 /* AppDelegate.swift */,
				AB92E2102512486C00D3E9C5 /* SceneDelegate.swift */,
				AB92E2122512486C00D3E9C5 /* ViewController.swift */,
				ABAA4C17252F00F90065607F /* TodoItem.swift */,
				AB92E2142512486C00D3E9C5 /* Main.storyboard */,
				AB2459A22521F66D000FFC9F /* TodoDetailViewController.swift */,
				AB4A8699251B67D40067BAFE /* LoginRegisterViewController.swift */,
				AB92E22425128B0D00D3E9C5 /* TodoTableViewCell.swift */,
				AB92E2172512486D00D3E9C5 /* Assets.xcassets */,
				AB92E2192512486D00D3E9C5 /* LaunchScreen.storyboard */,
				AB92E21C2512486D00D3E9C5 /* Info.plist */,
			);
			path = firebaseintro;
			sourceTree = "<group>";
		};
		D9044E27A34073F98886E556 /* Pods */ = {
			isa = PBXGroup;
			children = (
				EFC4EE8222842653BA908B15 /* Pods-firebaseintro.debug.xcconfig */,
				786CC1B7673B748E7D3666FA /* Pods-firebaseintro.release.xcconfig */,
			);
			path = Pods;
			sourceTree = "<group>";
		};
/* End PBXGroup section */

/* Begin PBXNativeTarget section */
		AB92E20A2512486C00D3E9C5 /* firebaseintro */ = {
			isa = PBXNativeTarget;
			buildConfigurationList = AB92E21F2512486D00D3E9C5 /* Build configuration list for PBXNativeTarget "firebaseintro" */;
			buildPhases = (
				83060F76574B73023B6061EB /* [CP] Check Pods Manifest.lock */,
				AB92E2072512486C00D3E9C5 /* Sources */,
				AB92E2082512486C00D3E9C5 /* Frameworks */,
				AB92E2092512486C00D3E9C5 /* Resources */,
				E331CD6E0A06862FA537A2E6 /* [CP] Embed Pods Frameworks */,
			);
			buildRules = (
			);
			dependencies = (
			);
			name = firebaseintro;
			productName = firebaseintro;
			productReference = AB92E20B2512486C00D3E9C5 /* firebaseintro.app */;
			productType = "com.apple.product-type.application";
		};
/* End PBXNativeTarget section */

/* Begin PBXProject section */
		AB92E2032512486C00D3E9C5 /* Project object */ = {
			isa = PBXProject;
			attributes = {
				LastSwiftUpdateCheck = 1200;
				LastUpgradeCheck = 1200;
				TargetAttributes = {
					AB92E20A2512486C00D3E9C5 = {
						CreatedOnToolsVersion = 12.0;
					};
				};
			};
			buildConfigurationList = AB92E2062512486C00D3E9C5 /* Build configuration list for PBXProject "firebaseintro" */;
			compatibilityVersion = "Xcode 9.3";
			developmentRegion = en;
			hasScannedForEncodings = 0;
			knownRegions = (
				en,
				Base,
			);
			mainGroup = AB92E2022512486C00D3E9C5;
			productRefGroup = AB92E20C2512486C00D3E9C5 /* Products */;
			projectDirPath = "";
			projectRoot = "";
			targets = (
				AB92E20A2512486C00D3E9C5 /* firebaseintro */,
			);
		};
/* End PBXProject section */

/* Begin PBXResourcesBuildPhase section */
		AB92E2092512486C00D3E9C5 /* Resources */ = {
			isa = PBXResourcesBuildPhase;
			buildActionMask = 2147483647;
			files = (
				AB92E21B2512486D00D3E9C5 /* LaunchScreen.storyboard in Resources */,
				AB92E22325124B4F00D3E9C5 /* GoogleService-Info.plist in Resources */,
				AB92E2182512486D00D3E9C5 /* Assets.xcassets in Resources */,
				AB92E2162512486C00D3E9C5 /* Main.storyboard in Resources */,
			);
			runOnlyForDeploymentPostprocessing = 0;
		};
/* End PBXResourcesBuildPhase section */

/* Begin PBXShellScriptBuildPhase section */
		83060F76574B73023B6061EB /* [CP] Check Pods Manifest.lock */ = {
			isa = PBXShellScriptBuildPhase;
			buildActionMask = 2147483647;
			files = (
			);
			inputFileListPaths = (
			);
			inputPaths = (
				"${PODS_PODFILE_DIR_PATH}/Podfile.lock",
				"${PODS_ROOT}/Manifest.lock",
			);
			name = "[CP] Check Pods Manifest.lock";
			outputFileListPaths = (
			);
			outputPaths = (
				"$(DERIVED_FILE_DIR)/Pods-firebaseintro-checkManifestLockResult.txt",
			);
			runOnlyForDeploymentPostprocessing = 0;
			shellPath = /bin/sh;
			shellScript = "diff \"${PODS_PODFILE_DIR_PATH}/Podfile.lock\" \"${PODS_ROOT}/Manifest.lock\" > /dev/null\nif [ $? != 0 ] ; then\n    # print error to STDERR\n    echo \"error: The sandbox is not in sync with the Podfile.lock. Run 'pod install' or update your CocoaPods installation.\" >&2\n    exit 1\nfi\n# This output is used by Xcode 'outputs' to avoid re-running this script phase.\necho \"SUCCESS\" > \"${SCRIPT_OUTPUT_FILE_0}\"\n";
			showEnvVarsInLog = 0;
		};
		E331CD6E0A06862FA537A2E6 /* [CP] Embed Pods Frameworks */ = {
			isa = PBXShellScriptBuildPhase;
			buildActionMask = 2147483647;
			files = (
			);
			inputFileListPaths = (
				"${PODS_ROOT}/Target Support Files/Pods-firebaseintro/Pods-firebaseintro-frameworks-${CONFIGURATION}-input-files.xcfilelist",
			);
			name = "[CP] Embed Pods Frameworks";
			outputFileListPaths = (
				"${PODS_ROOT}/Target Support Files/Pods-firebaseintro/Pods-firebaseintro-frameworks-${CONFIGURATION}-output-files.xcfilelist",
			);
			runOnlyForDeploymentPostprocessing = 0;
			shellPath = /bin/sh;
			shellScript = "\"${PODS_ROOT}/Target Support Files/Pods-firebaseintro/Pods-firebaseintro-frameworks.sh\"\n";
			showEnvVarsInLog = 0;
		};
/* End PBXShellScriptBuildPhase section */

/* Begin PBXSourcesBuildPhase section */
		AB92E2072512486C00D3E9C5 /* Sources */ = {
			isa = PBXSourcesBuildPhase;
			buildActionMask = 2147483647;
			files = (
				ABAA4C18252F00F90065607F /* TodoItem.swift in Sources */,
				AB4A869A251B67D40067BAFE /* LoginRegisterViewController.swift in Sources */,
				AB92E2132512486C00D3E9C5 /* ViewController.swift in Sources */,
				AB92E20F2512486C00D3E9C5 /* AppDelegate.swift in Sources */,
				AB92E2112512486C00D3E9C5 /* SceneDelegate.swift in Sources */,
				AB92E22525128B0D00D3E9C5 /* TodoTableViewCell.swift in Sources */,
				AB2459A32521F66D000FFC9F /* TodoDetailViewController.swift in Sources */,
			);
			runOnlyForDeploymentPostprocessing = 0;
		};
/* End PBXSourcesBuildPhase section */

/* Begin PBXVariantGroup section */
		AB92E2142512486C00D3E9C5 /* Main.storyboard */ = {
			isa = PBXVariantGroup;
			children = (
				AB92E2152512486C00D3E9C5 /* Base */,
			);
			name = Main.storyboard;
			sourceTree = "<group>";
		};
		AB92E2192512486D00D3E9C5 /* LaunchScreen.storyboard */ = {
			isa = PBXVariantGroup;
			children = (
				AB92E21A2512486D00D3E9C5 /* Base */,
			);
			name = LaunchScreen.storyboard;
			sourceTree = "<group>";
		};
/* End PBXVariantGroup section */

/* Begin XCBuildConfiguration section */
		AB92E21D2512486D00D3E9C5 /* Debug */ = {
			isa = XCBuildConfiguration;
			buildSettings = {
				ALWAYS_SEARCH_USER_PATHS = NO;
				CLANG_ANALYZER_NONNULL = YES;
				CLANG_ANALYZER_NUMBER_OBJECT_CONVERSION = YES_AGGRESSIVE;
				CLANG_CXX_LANGUAGE_STANDARD = "gnu++14";
				CLANG_CXX_LIBRARY = "libc++";
				CLANG_ENABLE_MODULES = YES;
				CLANG_ENABLE_OBJC_ARC = YES;
				CLANG_ENABLE_OBJC_WEAK = YES;
				CLANG_WARN_BLOCK_CAPTURE_AUTORELEASING = YES;
				CLANG_WARN_BOOL_CONVERSION = YES;
				CLANG_WARN_COMMA = YES;
				CLANG_WARN_CONSTANT_CONVERSION = YES;
				CLANG_WARN_DEPRECATED_OBJC_IMPLEMENTATIONS = YES;
				CLANG_WARN_DIRECT_OBJC_ISA_USAGE = YES_ERROR;
				CLANG_WARN_DOCUMENTATION_COMMENTS = YES;
				CLANG_WARN_EMPTY_BODY = YES;
				CLANG_WARN_ENUM_CONVERSION = YES;
				CLANG_WARN_INFINITE_RECURSION = YES;
				CLANG_WARN_INT_CONVERSION = YES;
				CLANG_WARN_NON_LITERAL_NULL_CONVERSION = YES;
				CLANG_WARN_OBJC_IMPLICIT_RETAIN_SELF = YES;
				CLANG_WARN_OBJC_LITERAL_CONVERSION = YES;
				CLANG_WARN_OBJC_ROOT_CLASS = YES_ERROR;
				CLANG_WARN_QUOTED_INCLUDE_IN_FRAMEWORK_HEADER = YES;
				CLANG_WARN_RANGE_LOOP_ANALYSIS = YES;
				CLANG_WARN_STRICT_PROTOTYPES = YES;
				CLANG_WARN_SUSPICIOUS_MOVE = YES;
				CLANG_WARN_UNGUARDED_AVAILABILITY = YES_AGGRESSIVE;
				CLANG_WARN_UNREACHABLE_CODE = YES;
				CLANG_WARN__DUPLICATE_METHOD_MATCH = YES;
				COPY_PHASE_STRIP = NO;
				DEBUG_INFORMATION_FORMAT = dwarf;
				ENABLE_STRICT_OBJC_MSGSEND = YES;
				ENABLE_TESTABILITY = YES;
				GCC_C_LANGUAGE_STANDARD = gnu11;
				GCC_DYNAMIC_NO_PIC = NO;
				GCC_NO_COMMON_BLOCKS = YES;
				GCC_OPTIMIZATION_LEVEL = 0;
				GCC_PREPROCESSOR_DEFINITIONS = (
					"DEBUG=1",
					"$(inherited)",
				);
				GCC_WARN_64_TO_32_BIT_CONVERSION = YES;
				GCC_WARN_ABOUT_RETURN_TYPE = YES_ERROR;
				GCC_WARN_UNDECLARED_SELECTOR = YES;
				GCC_WARN_UNINITIALIZED_AUTOS = YES_AGGRESSIVE;
				GCC_WARN_UNUSED_FUNCTION = YES;
				GCC_WARN_UNUSED_VARIABLE = YES;
				IPHONEOS_DEPLOYMENT_TARGET = 14.0;
				MTL_ENABLE_DEBUG_INFO = INCLUDE_SOURCE;
				MTL_FAST_MATH = YES;
				ONLY_ACTIVE_ARCH = YES;
				SDKROOT = iphoneos;
				SWIFT_ACTIVE_COMPILATION_CONDITIONS = DEBUG;
				SWIFT_OPTIMIZATION_LEVEL = "-Onone";
			};
			name = Debug;
		};
		AB92E21E2512486D00D3E9C5 /* Release */ = {
			isa = XCBuildConfiguration;
			buildSettings = {
				ALWAYS_SEARCH_USER_PATHS = NO;
				CLANG_ANALYZER_NONNULL = YES;
				CLANG_ANALYZER_NUMBER_OBJECT_CONVERSION = YES_AGGRESSIVE;
				CLANG_CXX_LANGUAGE_STANDARD = "gnu++14";
				CLANG_CXX_LIBRARY = "libc++";
				CLANG_ENABLE_MODULES = YES;
				CLANG_ENABLE_OBJC_ARC = YES;
				CLANG_ENABLE_OBJC_WEAK = YES;
				CLANG_WARN_BLOCK_CAPTURE_AUTORELEASING = YES;
				CLANG_WARN_BOOL_CONVERSION = YES;
				CLANG_WARN_COMMA = YES;
				CLANG_WARN_CONSTANT_CONVERSION = YES;
				CLANG_WARN_DEPRECATED_OBJC_IMPLEMENTATIONS = YES;
				CLANG_WARN_DIRECT_OBJC_ISA_USAGE = YES_ERROR;
				CLANG_WARN_DOCUMENTATION_COMMENTS = YES;
				CLANG_WARN_EMPTY_BODY = YES;
				CLANG_WARN_ENUM_CONVERSION = YES;
				CLANG_WARN_INFINITE_RECURSION = YES;
				CLANG_WARN_INT_CONVERSION = YES;
				CLANG_WARN_NON_LITERAL_NULL_CONVERSION = YES;
				CLANG_WARN_OBJC_IMPLICIT_RETAIN_SELF = YES;
				CLANG_WARN_OBJC_LITERAL_CONVERSION = YES;
				CLANG_WARN_OBJC_ROOT_CLASS = YES_ERROR;
				CLANG_WARN_QUOTED_INCLUDE_IN_FRAMEWORK_HEADER = YES;
				CLANG_WARN_RANGE_LOOP_ANALYSIS = YES;
				CLANG_WARN_STRICT_PROTOTYPES = YES;
				CLANG_WARN_SUSPICIOUS_MOVE = YES;
				CLANG_WARN_UNGUARDED_AVAILABILITY = YES_AGGRESSIVE;
				CLANG_WARN_UNREACHABLE_CODE = YES;
				CLANG_WARN__DUPLICATE_METHOD_MATCH = YES;
				COPY_PHASE_STRIP = NO;
				DEBUG_INFORMATION_FORMAT = "dwarf-with-dsym";
				ENABLE_NS_ASSERTIONS = NO;
				ENABLE_STRICT_OBJC_MSGSEND = YES;
				GCC_C_LANGUAGE_STANDARD = gnu11;
				GCC_NO_COMMON_BLOCKS = YES;
				GCC_WARN_64_TO_32_BIT_CONVERSION = YES;
				GCC_WARN_ABOUT_RETURN_TYPE = YES_ERROR;
				GCC_WARN_UNDECLARED_SELECTOR = YES;
				GCC_WARN_UNINITIALIZED_AUTOS = YES_AGGRESSIVE;
				GCC_WARN_UNUSED_FUNCTION = YES;
				GCC_WARN_UNUSED_VARIABLE = YES;
				IPHONEOS_DEPLOYMENT_TARGET = 14.0;
				MTL_ENABLE_DEBUG_INFO = NO;
				MTL_FAST_MATH = YES;
				SDKROOT = iphoneos;
				SWIFT_COMPILATION_MODE = wholemodule;
				SWIFT_OPTIMIZATION_LEVEL = "-O";
				VALIDATE_PRODUCT = YES;
			};
			name = Release;
		};
		AB92E2202512486D00D3E9C5 /* Debug */ = {
			isa = XCBuildConfiguration;
			baseConfigurationReference = EFC4EE8222842653BA908B15 /* Pods-firebaseintro.debug.xcconfig */;
			buildSettings = {
				ASSETCATALOG_COMPILER_APPICON_NAME = AppIcon;
				ASSETCATALOG_COMPILER_GLOBAL_ACCENT_COLOR_NAME = AccentColor;
				CODE_SIGN_STYLE = Automatic;
				INFOPLIST_FILE = firebaseintro/Info.plist;
				LD_RUNPATH_SEARCH_PATHS = (
					"$(inherited)",
					"@executable_path/Frameworks",
				);
				PRODUCT_BUNDLE_IDENTIFIER = se.magictechnology.firebaseintro;
				PRODUCT_NAME = "$(TARGET_NAME)";
				SWIFT_VERSION = 5.0;
				TARGETED_DEVICE_FAMILY = "1,2";
			};
			name = Debug;
		};
		AB92E2212512486D00D3E9C5 /* Release */ = {
			isa = XCBuildConfiguration;
			baseConfigurationReference = 786CC1B7673B748E7D3666FA /* Pods-firebaseintro.release.xcconfig */;
			buildSettings = {
				ASSETCATALOG_COMPILER_APPICON_NAME = AppIcon;
				ASSETCATALOG_COMPILER_GLOBAL_ACCENT_COLOR_NAME = AccentColor;
				CODE_SIGN_STYLE = Automatic;
				INFOPLIST_FILE = firebaseintro/Info.plist;
				LD_RUNPATH_SEARCH_PATHS = (
					"$(inherited)",
					"@executable_path/Frameworks",
				);
				PRODUCT_BUNDLE_IDENTIFIER = se.magictechnology.firebaseintro;
				PRODUCT_NAME = "$(TARGET_NAME)";
				SWIFT_VERSION = 5.0;
				TARGETED_DEVICE_FAMILY = "1,2";
			};
			name = Release;
		};
/* End XCBuildConfiguration section */

/* Begin XCConfigurationList section */
		AB92E2062512486C00D3E9C5 /* Build configuration list for PBXProject "firebaseintro" */ = {
			isa = XCConfigurationList;
			buildConfigurations = (
				AB92E21D2512486D00D3E9C5 /* Debug */,
				AB92E21E2512486D00D3E9C5 /* Release */,
			);
			defaultConfigurationIsVisible = 0;
			defaultConfigurationName = Release;
		};
		AB92E21F2512486D00D3E9C5 /* Build configuration list for PBXNativeTarget "firebaseintro" */ = {
			isa = XCConfigurationList;
			buildConfigurations = (
				AB92E2202512486D00D3E9C5 /* Debug */,
				AB92E2212512486D00D3E9C5 /* Release */,
			);
			defaultConfigurationIsVisible = 0;
			defaultConfigurationName = Release;
		};
/* End XCConfigurationList section */
	};
	rootObject = AB92E2032512486C00D3E9C5 /* Project object */;
}
